
Microsoft Visual Studio Solution File, Format Version 12.00
# Visual Studio Version 17
VisualStudioVersion = 17.4.33213.308
MinimumVisualStudioVersion = 10.0.40219.1
Project("{FAE04EC0-301F-11D3-BF4B-00C04F79EFBC}") = "MyGameBackend", "MyGameBackend.csproj", "{77BD7710-0575-435B-9945-8E344728D457}"
EndProject
Global
	GlobalSection(SolutionConfigurationPlatforms) = preSolution
		Debug|Any CPU = Debug|Any CPU
		Release|Any CPU = Release|Any CPU
	EndGlobalSection
	GlobalSection(ProjectConfigurationPlatforms) = postSolution
		{77BD7710-0575-435B-9945-8E344728D457}.Debug|Any CPU.ActiveCfg = Debug|Any CPU
		{77BD7710-0575-435B-9945-8E344728D457}.Debug|Any CPU.Build.0 = Debug|Any CPU
		{77BD7710-0575-435B-9945-8E344728D457}.Release|Any CPU.ActiveCfg = Release|Any CPU
		{77BD7710-0575-435B-9945-8E344728D457}.Release|Any CPU.Build.0 = Release|Any CPU
	EndGlobalSection
	GlobalSection(SolutionProperties) = preSolution
		HideSolutionNode = FALSE
	EndGlobalSection
	GlobalSection(ExtensibilityGlobals) = postSolution
		SolutionGuid = {BCC65AE7-B3EF-47FE-B22F-C6D8EFEE1499}
	EndGlobalSection
EndGlobal
